// !$*UTF8*$!
{
	archiveVersion = 1;
	classes = {
	};
	objectVersion = 46;
	objects = {

/* Begin PBXBuildFile section */
		69A546E81DFC214D00449496 /* main.m in Sources */ = {isa = PBXBuildFile; fileRef = 69A546E71DFC214D00449496 /* main.m */; };
		69A546EB1DFC214D00449496 /* DHAppDelegate.m in Sources */ = {isa = PBXBuildFile; fileRef = 69A546EA1DFC214D00449496 /* DHAppDelegate.m */; };
		69A546F31DFC214D00449496 /* Assets.xcassets in Resources */ = {isa = PBXBuildFile; fileRef = 69A546F21DFC214D00449496 /* Assets.xcassets */; };
		69A546F61DFC214D00449496 /* LaunchScreen.storyboard in Resources */ = {isa = PBXBuildFile; fileRef = 69A546F41DFC214D00449496 /* LaunchScreen.storyboard */; };
		69A547011DFC214D00449496 /* SimpleCodeTests.m in Sources */ = {isa = PBXBuildFile; fileRef = 69A547001DFC214D00449496 /* SimpleCodeTests.m */; };
		69A5470C1DFC214D00449496 /* SimpleCodeUITests.m in Sources */ = {isa = PBXBuildFile; fileRef = 69A5470B1DFC214D00449496 /* SimpleCodeUITests.m */; };
		69A5471B1DFC24E300449496 /* DHHomeViewController.m in Sources */ = {isa = PBXBuildFile; fileRef = 69A5471A1DFC24E300449496 /* DHHomeViewController.m */; };
		69A5471E1DFC2A8500449496 /* DHNavigationController.m in Sources */ = {isa = PBXBuildFile; fileRef = 69A5471D1DFC2A8500449496 /* DHNavigationController.m */; };
/* End PBXBuildFile section */

/* Begin PBXContainerItemProxy section */
		69A546FD1DFC214D00449496 /* PBXContainerItemProxy */ = {
			isa = PBXContainerItemProxy;
			containerPortal = 69A546DB1DFC214D00449496 /* Project object */;
			proxyType = 1;
			remoteGlobalIDString = 69A546E21DFC214D00449496;
			remoteInfo = SimpleCode;
		};
		69A547081DFC214D00449496 /* PBXContainerItemProxy */ = {
			isa = PBXContainerItemProxy;
			containerPortal = 69A546DB1DFC214D00449496 /* Project object */;
			proxyType = 1;
			remoteGlobalIDString = 69A546E21DFC214D00449496;
			remoteInfo = SimpleCode;
		};
/* End PBXContainerItemProxy section */

/* Begin PBXFileReference section */
		69A546E31DFC214D00449496 /* SimpleCode.app */ = {isa = PBXFileReference; explicitFileType = wrapper.application; includeInIndex = 0; path = SimpleCode.app; sourceTree = BUILT_PRODUCTS_DIR; };
		69A546E71DFC214D00449496 /* main.m */ = {isa = PBXFileReference; lastKnownFileType = sourcecode.c.objc; path = main.m; sourceTree = "<group>"; };
		69A546E91DFC214D00449496 /* DHAppDelegate.h */ = {isa = PBXFileReference; lastKnownFileType = sourcecode.c.h; path = DHAppDelegate.h; sourceTree = "<group>"; };
		69A546EA1DFC214D00449496 /* DHAppDelegate.m */ = {isa = PBXFileReference; lastKnownFileType = sourcecode.c.objc; path = DHAppDelegate.m; sourceTree = "<group>"; };
		69A546F21DFC214D00449496 /* Assets.xcassets */ = {isa = PBXFileReference; lastKnownFileType = folder.assetcatalog; path = Assets.xcassets; sourceTree = "<group>"; };
		69A546F51DFC214D00449496 /* Base */ = {isa = PBXFileReference; lastKnownFileType = file.storyboard; name = Base; path = Base.lproj/LaunchScreen.storyboard; sourceTree = "<group>"; };
		69A546F71DFC214D00449496 /* Info.plist */ = {isa = PBXFileReference; lastKnownFileType = text.plist.xml; path = Info.plist; sourceTree = "<group>"; };
		69A546FC1DFC214D00449496 /* SimpleCodeTests.xctest */ = {isa = PBXFileReference; explicitFileType = wrapper.cfbundle; includeInIndex = 0; path = SimpleCodeTests.xctest; sourceTree = BUILT_PRODUCTS_DIR; };
		69A547001DFC214D00449496 /* SimpleCodeTests.m */ = {isa = PBXFileReference; lastKnownFileType = sourcecode.c.objc; path = SimpleCodeTests.m; sourceTree = "<group>"; };
		69A547021DFC214D00449496 /* Info.plist */ = {isa = PBXFileReference; lastKnownFileType = text.plist.xml; path = Info.plist; sourceTree = "<group>"; };
		69A547071DFC214D00449496 /* SimpleCodeUITests.xctest */ = {isa = PBXFileReference; explicitFileType = wrapper.cfbundle; includeInIndex = 0; path = SimpleCodeUITests.xctest; sourceTree = BUILT_PRODUCTS_DIR; };
		69A5470B1DFC214D00449496 /* SimpleCodeUITests.m */ = {isa = PBXFileReference; lastKnownFileType = sourcecode.c.objc; path = SimpleCodeUITests.m; sourceTree = "<group>"; };
		69A5470D1DFC214D00449496 /* Info.plist */ = {isa = PBXFileReference; lastKnownFileType = text.plist.xml; path = Info.plist; sourceTree = "<group>"; };
		69A547191DFC24E300449496 /* DHHomeViewController.h */ = {isa = PBXFileReference; fileEncoding = 4; lastKnownFileType = sourcecode.c.h; path = DHHomeViewController.h; sourceTree = "<group>"; };
		69A5471A1DFC24E300449496 /* DHHomeViewController.m */ = {isa = PBXFileReference; fileEncoding = 4; lastKnownFileType = sourcecode.c.objc; path = DHHomeViewController.m; sourceTree = "<group>"; };
		69A5471C1DFC2A8500449496 /* DHNavigationController.h */ = {isa = PBXFileReference; fileEncoding = 4; lastKnownFileType = sourcecode.c.h; path = DHNavigationController.h; sourceTree = "<group>"; };
		69A5471D1DFC2A8500449496 /* DHNavigationController.m */ = {isa = PBXFileReference; fileEncoding = 4; lastKnownFileType = sourcecode.c.objc; path = DHNavigationController.m; sourceTree = "<group>"; };
		69A547231DFC2E5100449496 /* DHMacro.h */ = {isa = PBXFileReference; lastKnownFileType = sourcecode.c.h; path = DHMacro.h; sourceTree = "<group>"; };
/* End PBXFileReference section */

/* Begin PBXFrameworksBuildPhase section */
		69A546E01DFC214D00449496 /* Frameworks */ = {
			isa = PBXFrameworksBuildPhase;
			buildActionMask = 2147483647;
			files = (
			);
			runOnlyForDeploymentPostprocessing = 0;
		};
		69A546F91DFC214D00449496 /* Frameworks */ = {
			isa = PBXFrameworksBuildPhase;
			buildActionMask = 2147483647;
			files = (
			);
			runOnlyForDeploymentPostprocessing = 0;
		};
		69A547041DFC214D00449496 /* Frameworks */ = {
			isa = PBXFrameworksBuildPhase;
			buildActionMask = 2147483647;
			files = (
			);
			runOnlyForDeploymentPostprocessing = 0;
		};
/* End PBXFrameworksBuildPhase section */

/* Begin PBXGroup section */
		69A546DA1DFC214D00449496 = {
			isa = PBXGroup;
			children = (
				69A546E51DFC214D00449496 /* SimpleCode */,
				69A546FF1DFC214D00449496 /* SimpleCodeTests */,
				69A5470A1DFC214D00449496 /* SimpleCodeUITests */,
				69A546E41DFC214D00449496 /* Products */,
			);
			sourceTree = "<group>";
		};
		69A546E41DFC214D00449496 /* Products */ = {
			isa = PBXGroup;
			children = (
				69A546E31DFC214D00449496 /* SimpleCode.app */,
				69A546FC1DFC214D00449496 /* SimpleCodeTests.xctest */,
				69A547071DFC214D00449496 /* SimpleCodeUITests.xctest */,
			);
			name = Products;
			sourceTree = "<group>";
		};
		69A546E51DFC214D00449496 /* SimpleCode */ = {
			isa = PBXGroup;
			children = (
				69A547201DFC2DF700449496 /* Base */,
				69A5471F1DFC2D8900449496 /* Foundation */,
				69A546E91DFC214D00449496 /* DHAppDelegate.h */,
				69A546EA1DFC214D00449496 /* DHAppDelegate.m */,
				69A547191DFC24E300449496 /* DHHomeViewController.h */,
				69A5471A1DFC24E300449496 /* DHHomeViewController.m */,
				69A5471C1DFC2A8500449496 /* DHNavigationController.h */,
				69A5471D1DFC2A8500449496 /* DHNavigationController.m */,
				69A546E61DFC214D00449496 /* Supporting Files */,
			);
			path = SimpleCode;
			sourceTree = "<group>";
		};
		69A546E61DFC214D00449496 /* Supporting Files */ = {
			isa = PBXGroup;
			children = (
				69A546F41DFC214D00449496 /* LaunchScreen.storyboard */,
				69A546F21DFC214D00449496 /* Assets.xcassets */,
				69A546F71DFC214D00449496 /* Info.plist */,
				69A546E71DFC214D00449496 /* main.m */,
			);
			name = "Supporting Files";
			sourceTree = "<group>";
		};
		69A546FF1DFC214D00449496 /* SimpleCodeTests */ = {
			isa = PBXGroup;
			children = (
				69A547001DFC214D00449496 /* SimpleCodeTests.m */,
				69A547021DFC214D00449496 /* Info.plist */,
			);
			path = SimpleCodeTests;
			sourceTree = "<group>";
		};
		69A5470A1DFC214D00449496 /* SimpleCodeUITests */ = {
			isa = PBXGroup;
			children = (
				69A5470B1DFC214D00449496 /* SimpleCodeUITests.m */,
				69A5470D1DFC214D00449496 /* Info.plist */,
			);
			path = SimpleCodeUITests;
			sourceTree = "<group>";
		};
		69A5471F1DFC2D8900449496 /* Foundation */ = {
			isa = PBXGroup;
			children = (
			);
			path = Foundation;
			sourceTree = "<group>";
		};
		69A547201DFC2DF700449496 /* Base */ = {
			isa = PBXGroup;
			children = (
				69A547231DFC2E5100449496 /* DHMacro.h */,
			);
			path = Base;
			sourceTree = "<group>";
		};
/* End PBXGroup section */

/* Begin PBXNativeTarget section */
		69A546E21DFC214D00449496 /* SimpleCode */ = {
			isa = PBXNativeTarget;
			buildConfigurationList = 69A547101DFC214D00449496 /* Build configuration list for PBXNativeTarget "SimpleCode" */;
			buildPhases = (
				69A546DF1DFC214D00449496 /* Sources */,
				69A546E01DFC214D00449496 /* Frameworks */,
				69A546E11DFC214D00449496 /* Resources */,
			);
			buildRules = (
			);
			dependencies = (
			);
			name = SimpleCode;
			productName = SimpleCode;
			productReference = 69A546E31DFC214D00449496 /* SimpleCode.app */;
			productType = "com.apple.product-type.application";
		};
		69A546FB1DFC214D00449496 /* SimpleCodeTests */ = {
			isa = PBXNativeTarget;
			buildConfigurationList = 69A547131DFC214D00449496 /* Build configuration list for PBXNativeTarget "SimpleCodeTests" */;
			buildPhases = (
				69A546F81DFC214D00449496 /* Sources */,
				69A546F91DFC214D00449496 /* Frameworks */,
				69A546FA1DFC214D00449496 /* Resources */,
			);
			buildRules = (
			);
			dependencies = (
				69A546FE1DFC214D00449496 /* PBXTargetDependency */,
			);
			name = SimpleCodeTests;
			productName = SimpleCodeTests;
			productReference = 69A546FC1DFC214D00449496 /* SimpleCodeTests.xctest */;
			productType = "com.apple.product-type.bundle.unit-test";
		};
		69A547061DFC214D00449496 /* SimpleCodeUITests */ = {
			isa = PBXNativeTarget;
			buildConfigurationList = 69A547161DFC214D00449496 /* Build configuration list for PBXNativeTarget "SimpleCodeUITests" */;
			buildPhases = (
				69A547031DFC214D00449496 /* Sources */,
				69A547041DFC214D00449496 /* Frameworks */,
				69A547051DFC214D00449496 /* Resources */,
			);
			buildRules = (
			);
			dependencies = (
				69A547091DFC214D00449496 /* PBXTargetDependency */,
			);
			name = SimpleCodeUITests;
			productName = SimpleCodeUITests;
			productReference = 69A547071DFC214D00449496 /* SimpleCodeUITests.xctest */;
			productType = "com.apple.product-type.bundle.ui-testing";
		};
/* End PBXNativeTarget section */

/* Begin PBXProject section */
		69A546DB1DFC214D00449496 /* Project object */ = {
			isa = PBXProject;
			attributes = {
				CLASSPREFIX = DH;
				LastUpgradeCheck = 0730;
				ORGANIZATIONNAME = "江道洪";
				TargetAttributes = {
					69A546E21DFC214D00449496 = {
						CreatedOnToolsVersion = 7.3.1;
					};
					69A546FB1DFC214D00449496 = {
						CreatedOnToolsVersion = 7.3.1;
						TestTargetID = 69A546E21DFC214D00449496;
					};
					69A547061DFC214D00449496 = {
						CreatedOnToolsVersion = 7.3.1;
						TestTargetID = 69A546E21DFC214D00449496;
					};
				};
			};
			buildConfigurationList = 69A546DE1DFC214D00449496 /* Build configuration list for PBXProject "SimpleCode" */;
			compatibilityVersion = "Xcode 3.2";
			developmentRegion = English;
			hasScannedForEncodings = 0;
			knownRegions = (
				en,
				Base,
			);
			mainGroup = 69A546DA1DFC214D00449496;
			productRefGroup = 69A546E41DFC214D00449496 /* Products */;
			projectDirPath = "";
			projectRoot = "";
			targets = (
				69A546E21DFC214D00449496 /* SimpleCode */,
				69A546FB1DFC214D00449496 /* SimpleCodeTests */,
				69A547061DFC214D00449496 /* SimpleCodeUITests */,
			);
		};
/* End PBXProject section */

/* Begin PBXResourcesBuildPhase section */
		69A546E11DFC214D00449496 /* Resources */ = {
			isa = PBXResourcesBuildPhase;
			buildActionMask = 2147483647;
			files = (
				69A546F61DFC214D00449496 /* LaunchScreen.storyboard in Resources */,
				69A546F31DFC214D00449496 /* Assets.xcassets in Resources */,
			);
			runOnlyForDeploymentPostprocessing = 0;
		};
		69A546FA1DFC214D00449496 /* Resources */ = {
			isa = PBXResourcesBuildPhase;
			buildActionMask = 2147483647;
			files = (
			);
			runOnlyForDeploymentPostprocessing = 0;
		};
		69A547051DFC214D00449496 /* Resources */ = {
			isa = PBXResourcesBuildPhase;
			buildActionMask = 2147483647;
			files = (
			);
			runOnlyForDeploymentPostprocessing = 0;
		};
/* End PBXResourcesBuildPhase section */

/* Begin PBXSourcesBuildPhase section */
		69A546DF1DFC214D00449496 /* Sources */ = {
			isa = PBXSourcesBuildPhase;
			buildActionMask = 2147483647;
			files = (
				69A5471B1DFC24E300449496 /* DHHomeViewController.m in Sources */,
				69A546EB1DFC214D00449496 /* DHAppDelegate.m in Sources */,
				69A546E81DFC214D00449496 /* main.m in Sources */,
				69A5471E1DFC2A8500449496 /* DHNavigationController.m in Sources */,
			);
			runOnlyForDeploymentPostprocessing = 0;
		};
		69A546F81DFC214D00449496 /* Sources */ = {
			isa = PBXSourcesBuildPhase;
			buildActionMask = 2147483647;
			files = (
				69A547011DFC214D00449496 /* SimpleCodeTests.m in Sources */,
			);
			runOnlyForDeploymentPostprocessing = 0;
		};
		69A547031DFC214D00449496 /* Sources */ = {
			isa = PBXSourcesBuildPhase;
			buildActionMask = 2147483647;
			files = (
				69A5470C1DFC214D00449496 /* SimpleCodeUITests.m in Sources */,
			);
			runOnlyForDeploymentPostprocessing = 0;
		};
/* End PBXSourcesBuildPhase section */

/* Begin PBXTargetDependency section */
		69A546FE1DFC214D00449496 /* PBXTargetDependency */ = {
			isa = PBXTargetDependency;
			target = 69A546E21DFC214D00449496 /* SimpleCode */;
			targetProxy = 69A546FD1DFC214D00449496 /* PBXContainerItemProxy */;
		};
		69A547091DFC214D00449496 /* PBXTargetDependency */ = {
			isa = PBXTargetDependency;
			target = 69A546E21DFC214D00449496 /* SimpleCode */;
			targetProxy = 69A547081DFC214D00449496 /* PBXContainerItemProxy */;
		};
/* End PBXTargetDependency section */

/* Begin PBXVariantGroup section */
		69A546F41DFC214D00449496 /* LaunchScreen.storyboard */ = {
			isa = PBXVariantGroup;
			children = (
				69A546F51DFC214D00449496 /* Base */,
			);
			name = LaunchScreen.storyboard;
			sourceTree = "<group>";
		};
/* End PBXVariantGroup section */

/* Begin XCBuildConfiguration section */
		69A5470E1DFC214D00449496 /* Debug */ = {
			isa = XCBuildConfiguration;
			buildSettings = {
				ALWAYS_SEARCH_USER_PATHS = NO;
				CLANG_ANALYZER_NONNULL = YES;
				CLANG_CXX_LANGUAGE_STANDARD = "gnu++0x";
				CLANG_CXX_LIBRARY = "libc++";
				CLANG_ENABLE_MODULES = YES;
				CLANG_ENABLE_OBJC_ARC = YES;
				CLANG_WARN_BOOL_CONVERSION = YES;
				CLANG_WARN_CONSTANT_CONVERSION = YES;
				CLANG_WARN_DIRECT_OBJC_ISA_USAGE = YES_ERROR;
				CLANG_WARN_EMPTY_BODY = YES;
				CLANG_WARN_ENUM_CONVERSION = YES;
				CLANG_WARN_INT_CONVERSION = YES;
				CLANG_WARN_OBJC_ROOT_CLASS = YES_ERROR;
				CLANG_WARN_UNREACHABLE_CODE = YES;
				CLANG_WARN__DUPLICATE_METHOD_MATCH = YES;
				"CODE_SIGN_IDENTITY[sdk=iphoneos*]" = "iPhone Developer";
				COPY_PHASE_STRIP = NO;
				DEBUG_INFORMATION_FORMAT = dwarf;
				ENABLE_STRICT_OBJC_MSGSEND = YES;
				ENABLE_TESTABILITY = YES;
				GCC_C_LANGUAGE_STANDARD = gnu99;
				GCC_DYNAMIC_NO_PIC = NO;
				GCC_NO_COMMON_BLOCKS = YES;
				GCC_OPTIMIZATION_LEVEL = 0;
				GCC_PREPROCESSOR_DEFINITIONS = (
					"DEBUG=1",
					"$(inherited)",
				);
				GCC_WARN_64_TO_32_BIT_CONVERSION = YES;
				GCC_WARN_ABOUT_RETURN_TYPE = YES_ERROR;
				GCC_WARN_UNDECLARED_SELECTOR = YES;
				GCC_WARN_UNINITIALIZED_AUTOS = YES_AGGRESSIVE;
				GCC_WARN_UNUSED_FUNCTION = YES;
				GCC_WARN_UNUSED_VARIABLE = YES;
				IPHONEOS_DEPLOYMENT_TARGET = 9.3;
				MTL_ENABLE_DEBUG_INFO = YES;
				ONLY_ACTIVE_ARCH = YES;
				SDKROOT = iphoneos;
				TARGETED_DEVICE_FAMILY = "1,2";
			};
			name = Debug;
		};
		69A5470F1DFC214D00449496 /* Release */ = {
			isa = XCBuildConfiguration;
			buildSettings = {
				ALWAYS_SEARCH_USER_PATHS = NO;
				CLANG_ANALYZER_NONNULL = YES;
				CLANG_CXX_LANGUAGE_STANDARD = "gnu++0x";
				CLANG_CXX_LIBRARY = "libc++";
				CLANG_ENABLE_MODULES = YES;
				CLANG_ENABLE_OBJC_ARC = YES;
				CLANG_WARN_BOOL_CONVERSION = YES;
				CLANG_WARN_CONSTANT_CONVERSION = YES;
				CLANG_WARN_DIRECT_OBJC_ISA_USAGE = YES_ERROR;
				CLANG_WARN_EMPTY_BODY = YES;
				CLANG_WARN_ENUM_CONVERSION = YES;
				CLANG_WARN_INT_CONVERSION = YES;
				CLANG_WARN_OBJC_ROOT_CLASS = YES_ERROR;
				CLANG_WARN_UNREACHABLE_CODE = YES;
				CLANG_WARN__DUPLICATE_METHOD_MATCH = YES;
				"CODE_SIGN_IDENTITY[sdk=iphoneos*]" = "iPhone Developer";
				COPY_PHASE_STRIP = NO;
				DEBUG_INFORMATION_FORMAT = "dwarf-with-dsym";
				ENABLE_NS_ASSERTIONS = NO;
				ENABLE_STRICT_OBJC_MSGSEND = YES;
				GCC_C_LANGUAGE_STANDARD = gnu99;
				GCC_NO_COMMON_BLOCKS = YES;
				GCC_WARN_64_TO_32_BIT_CONVERSION = YES;
				GCC_WARN_ABOUT_RETURN_TYPE = YES_ERROR;
				GCC_WARN_UNDECLARED_SELECTOR = YES;
				GCC_WARN_UNINITIALIZED_AUTOS = YES_AGGRESSIVE;
				GCC_WARN_UNUSED_FUNCTION = YES;
				GCC_WARN_UNUSED_VARIABLE = YES;
				IPHONEOS_DEPLOYMENT_TARGET = 9.3;
				MTL_ENABLE_DEBUG_INFO = NO;
				SDKROOT = iphoneos;
				TARGETED_DEVICE_FAMILY = "1,2";
				VALIDATE_PRODUCT = YES;
			};
			name = Release;
		};
		69A547111DFC214D00449496 /* Debug */ = {
			isa = XCBuildConfiguration;
			buildSettings = {
				ASSETCATALOG_COMPILER_APPICON_NAME = AppIcon;
				INFOPLIST_FILE = SimpleCode/Info.plist;
				LD_RUNPATH_SEARCH_PATHS = "$(inherited) @executable_path/Frameworks";
				PRODUCT_BUNDLE_IDENTIFIER = jiangdaohong.SimpleCode;
				PRODUCT_NAME = "$(TARGET_NAME)";
				TARGETED_DEVICE_FAMILY = 1;
			};
			name = Debug;
		};
		69A547121DFC214D00449496 /* Release */ = {
			isa = XCBuildConfiguration;
			buildSettings = {
				ASSETCATALOG_COMPILER_APPICON_NAME = AppIcon;
				INFOPLIST_FILE = SimpleCode/Info.plist;
				LD_RUNPATH_SEARCH_PATHS = "$(inherited) @executable_path/Frameworks";
				PRODUCT_BUNDLE_IDENTIFIER = jiangdaohong.SimpleCode;
				PRODUCT_NAME = "$(TARGET_NAME)";
				TARGETED_DEVICE_FAMILY = 1;
			};
			name = Release;
		};
		69A547141DFC214D00449496 /* Debug */ = {
			isa = XCBuildConfiguration;
			buildSettings = {
				BUNDLE_LOADER = "$(TEST_HOST)";
				INFOPLIST_FILE = SimpleCodeTests/Info.plist;
				LD_RUNPATH_SEARCH_PATHS = "$(inherited) @executable_path/Frameworks @loader_path/Frameworks";
				PRODUCT_BUNDLE_IDENTIFIER = jiangdaohong.SimpleCodeTests;
				PRODUCT_NAME = "$(TARGET_NAME)";
				TEST_HOST = "$(BUILT_PRODUCTS_DIR)/SimpleCode.app/SimpleCode";
			};
			name = Debug;
		};
		69A547151DFC214D00449496 /* Release */ = {
			isa = XCBuildConfiguration;
			buildSettings = {
				BUNDLE_LOADER = "$(TEST_HOST)";
				INFOPLIST_FILE = SimpleCodeTests/Info.plist;
				LD_RUNPATH_SEARCH_PATHS = "$(inherited) @executable_path/Frameworks @loader_path/Frameworks";
				PRODUCT_BUNDLE_IDENTIFIER = jiangdaohong.SimpleCodeTests;
				PRODUCT_NAME = "$(TARGET_NAME)";
				TEST_HOST = "$(BUILT_PRODUCTS_DIR)/SimpleCode.app/SimpleCode";
			};
			name = Release;
		};
		69A547171DFC214D00449496 /* Debug */ = {
			isa = XCBuildConfiguration;
			buildSettings = {
				INFOPLIST_FILE = SimpleCodeUITests/Info.plist;
				LD_RUNPATH_SEARCH_PATHS = "$(inherited) @executable_path/Frameworks @loader_path/Frameworks";
				PRODUCT_BUNDLE_IDENTIFIER = jiangdaohong.SimpleCodeUITests;
				PRODUCT_NAME = "$(TARGET_NAME)";
				TEST_TARGET_NAME = SimpleCode;
			};
			name = Debug;
		};
		69A547181DFC214D00449496 /* Release */ = {
			isa = XCBuildConfiguration;
			buildSettings = {
				INFOPLIST_FILE = SimpleCodeUITests/Info.plist;
				LD_RUNPATH_SEARCH_PATHS = "$(inherited) @executable_path/Frameworks @loader_path/Frameworks";
				PRODUCT_BUNDLE_IDENTIFIER = jiangdaohong.SimpleCodeUITests;
				PRODUCT_NAME = "$(TARGET_NAME)";
				TEST_TARGET_NAME = SimpleCode;
			};
			name = Release;
		};
/* End XCBuildConfiguration section */

/* Begin XCConfigurationList section */
		69A546DE1DFC214D00449496 /* Build configuration list for PBXProject "SimpleCode" */ = {
			isa = XCConfigurationList;
			buildConfigurations = (
				69A5470E1DFC214D00449496 /* Debug */,
				69A5470F1DFC214D00449496 /* Release */,
			);
			defaultConfigurationIsVisible = 0;
			defaultConfigurationName = Release;
		};
		69A547101DFC214D00449496 /* Build configuration list for PBXNativeTarget "SimpleCode" */ = {
			isa = XCConfigurationList;
			buildConfigurations = (
				69A547111DFC214D00449496 /* Debug */,
				69A547121DFC214D00449496 /* Release */,
			);
			defaultConfigurationIsVisible = 0;
			defaultConfigurationName = Release;
		};
		69A547131DFC214D00449496 /* Build configuration list for PBXNativeTarget "SimpleCodeTests" */ = {
			isa = XCConfigurationList;
			buildConfigurations = (
				69A547141DFC214D00449496 /* Debug */,
				69A547151DFC214D00449496 /* Release */,
			);
			defaultConfigurationIsVisible = 0;
			defaultConfigurationName = Release;
		};
		69A547161DFC214D00449496 /* Build configuration list for PBXNativeTarget "SimpleCodeUITests" */ = {
			isa = XCConfigurationList;
			buildConfigurations = (
				69A547171DFC214D00449496 /* Debug */,
				69A547181DFC214D00449496 /* Release */,
			);
			defaultConfigurationIsVisible = 0;
			defaultConfigurationName = Release;
		};
/* End XCConfigurationList section */
	};
	rootObject = 69A546DB1DFC214D00449496 /* Project object */;
}
